
Microsoft Visual Studio Solution File, Format Version 12.00
# Visual Studio Version 17
VisualStudioVersion = 17.12.35527.113
MinimumVisualStudioVersion = 10.0.40219.1
Project("{8BC9CEB8-8B4A-11D0-8D11-00A0C91BC942}") = "Function", "Function\Function.vcxproj", "{D686548D-5263-4340-A8BB-9E1EAD9AAC8E}"
EndProject
Project("{8BC9CEB8-8B4A-11D0-8D11-00A0C91BC942}") = "Arrays", "Arrays\Arrays.vcxproj", "{AB19B63C-C26F-4AA5-AFC3-C173ADA04AE4}"
EndProject
Global
	GlobalSection(SolutionConfigurationPlatforms) = preSolution
		Debug|x64 = Debug|x64
		Debug|x86 = Debug|x86
		Release|x64 = Release|x64
		Release|x86 = Release|x86
	EndGlobalSection
	GlobalSection(ProjectConfigurationPlatforms) = postSolution
		{D686548D-5263-4340-A8BB-9E1EAD9AAC8E}.Debug|x64.ActiveCfg = Debug|x64
		{D686548D-5263-4340-A8BB-9E1EAD9AAC8E}.Debug|x64.Build.0 = Debug|x64
		{D686548D-5263-4340-A8BB-9E1EAD9AAC8E}.Debug|x86.ActiveCfg = Debug|Win32
		{D686548D-5263-4340-A8BB-9E1EAD9AAC8E}.Debug|x86.Build.0 = Debug|Win32
		{D686548D-5263-4340-A8BB-9E1EAD9AAC8E}.Release|x64.ActiveCfg = Release|x64
		{D686548D-5263-4340-A8BB-9E1EAD9AAC8E}.Release|x64.Build.0 = Release|x64
		{D686548D-5263-4340-A8BB-9E1EAD9AAC8E}.Release|x86.ActiveCfg = Release|Win32
		{D686548D-5263-4340-A8BB-9E1EAD9AAC8E}.Release|x86.Build.0 = Release|Win32
		{AB19B63C-C26F-4AA5-AFC3-C173ADA04AE4}.Debug|x64.ActiveCfg = Debug|x64
		{AB19B63C-C26F-4AA5-AFC3-C173ADA04AE4}.Debug|x64.Build.0 = Debug|x64
		{AB19B63C-C26F-4AA5-AFC3-C173ADA04AE4}.Debug|x86.ActiveCfg = Debug|Win32
		{AB19B63C-C26F-4AA5-AFC3-C173ADA04AE4}.Debug|x86.Build.0 = Debug|Win32
		{AB19B63C-C26F-4AA5-AFC3-C173ADA04AE4}.Release|x64.ActiveCfg = Release|x64
		{AB19B63C-C26F-4AA5-AFC3-C173ADA04AE4}.Release|x64.Build.0 = Release|x64
		{AB19B63C-C26F-4AA5-AFC3-C173ADA04AE4}.Release|x86.ActiveCfg = Release|Win32
		{AB19B63C-C26F-4AA5-AFC3-C173ADA04AE4}.Release|x86.Build.0 = Release|Win32
	EndGlobalSection
	GlobalSection(SolutionProperties) = preSolution
		HideSolutionNode = FALSE
	EndGlobalSection
EndGlobal
